
Microsoft Visual Studio Solution File, Format Version 12.00
# Visual Studio Version 16
VisualStudioVersion = 16.0.29609.76
MinimumVisualStudioVersion = 10.0.40219.1
Project("{FAE04EC0-301F-11D3-BF4B-00C04F79EFBC}") = "Clase16", "Clase16\Clase16.csproj", "{9AE9D051-DF31-4E7A-917E-A941682AFF00}"
EndProject
Global
	GlobalSection(SolutionConfigurationPlatforms) = preSolution
		Debug|Any CPU = Debug|Any CPU
		Release|Any CPU = Release|Any CPU
	EndGlobalSection
	GlobalSection(ProjectConfigurationPlatforms) = postSolution
		{9AE9D051-DF31-4E7A-917E-A941682AFF00}.Debug|Any CPU.ActiveCfg = Debug|Any CPU
		{9AE9D051-DF31-4E7A-917E-A941682AFF00}.Debug|Any CPU.Build.0 = Debug|Any CPU
		{9AE9D051-DF31-4E7A-917E-A941682AFF00}.Release|Any CPU.ActiveCfg = Release|Any CPU
		{9AE9D051-DF31-4E7A-917E-A941682AFF00}.Release|Any CPU.Build.0 = Release|Any CPU
	EndGlobalSection
	GlobalSection(SolutionProperties) = preSolution
		HideSolutionNode = FALSE
	EndGlobalSection
	GlobalSection(ExtensibilityGlobals) = postSolution
		SolutionGuid = {687B3246-549C-442D-A136-AD38DC58B144}
	EndGlobalSection
EndGlobal
